
Microsoft Visual Studio Solution File, Format Version 12.00
# Visual Studio 15
VisualStudioVersion = 15.0.27428.2015
MinimumVisualStudioVersion = 10.0.40219.1
Project("{FAE04EC0-301F-11D3-BF4B-00C04F79EFBC}") = "SampleCoreApp", "SampleCoreApp.csproj", "{19297E2C-FC04-4DBB-BD72-0398FAB2B2AF}"
EndProject
Project("{E53339B2-1760-4266-BCC7-CA923CBCF16C}") = "docker-compose", "docker-compose.dcproj", "{4C0224F7-A72A-4747-BC74-995054CE5BBF}"
EndProject
Global
	GlobalSection(SolutionConfigurationPlatforms) = preSolution
		Debug|Any CPU = Debug|Any CPU
		Release|Any CPU = Release|Any CPU
	EndGlobalSection
	GlobalSection(ProjectConfigurationPlatforms) = postSolution
		{19297E2C-FC04-4DBB-BD72-0398FAB2B2AF}.Debug|Any CPU.ActiveCfg = Debug|Any CPU
		{19297E2C-FC04-4DBB-BD72-0398FAB2B2AF}.Debug|Any CPU.Build.0 = Debug|Any CPU
		{19297E2C-FC04-4DBB-BD72-0398FAB2B2AF}.Release|Any CPU.ActiveCfg = Release|Any CPU
		{19297E2C-FC04-4DBB-BD72-0398FAB2B2AF}.Release|Any CPU.Build.0 = Release|Any CPU
		{4C0224F7-A72A-4747-BC74-995054CE5BBF}.Debug|Any CPU.ActiveCfg = Debug|Any CPU
		{4C0224F7-A72A-4747-BC74-995054CE5BBF}.Debug|Any CPU.Build.0 = Debug|Any CPU
		{4C0224F7-A72A-4747-BC74-995054CE5BBF}.Release|Any CPU.ActiveCfg = Release|Any CPU
		{4C0224F7-A72A-4747-BC74-995054CE5BBF}.Release|Any CPU.Build.0 = Release|Any CPU
	EndGlobalSection
	GlobalSection(SolutionProperties) = preSolution
		HideSolutionNode = FALSE
	EndGlobalSection
	GlobalSection(ExtensibilityGlobals) = postSolution
		SolutionGuid = {9AE86545-C8F1-4DBD-A406-000EA19D2C7B}
	EndGlobalSection
EndGlobal
